Microsoft Visual Studio Solution File, Format Version 12.00
# Visual Studio Version 17
VisualStudioVersion = 17.5.2.0
MinimumVisualStudioVersion = 10.0.40219.1
Project("{FAE04EC0-301F-11D3-BF4B-00C04F79EFBC}") = "Expat.Natives", "Expat.Natives.csproj", "{3AF48540-A133-74ED-3ED1-7EDDE1ADFCC1}"
EndProject
Global
	GlobalSection(SolutionConfigurationPlatforms) = preSolution
		Debug|Any CPU = Debug|Any CPU
		Release|Any CPU = Release|Any CPU
	EndGlobalSection
	GlobalSection(ProjectConfigurationPlatforms) = postSolution
		{3AF48540-A133-74ED-3ED1-7EDDE1ADFCC1}.Debug|Any CPU.ActiveCfg = Debug|Any CPU
		{3AF48540-A133-74ED-3ED1-7EDDE1ADFCC1}.Debug|Any CPU.Build.0 = Debug|Any CPU
		{3AF48540-A133-74ED-3ED1-7EDDE1ADFCC1}.Release|Any CPU.ActiveCfg = Release|Any CPU
		{3AF48540-A133-74ED-3ED1-7EDDE1ADFCC1}.Release|Any CPU.Build.0 = Release|Any CPU
	EndGlobalSection
	GlobalSection(SolutionProperties) = preSolution
		HideSolutionNode = FALSE
	EndGlobalSection
	GlobalSection(ExtensibilityGlobals) = postSolution
		SolutionGuid = {4299FE2A-E53D-42C3-ABC4-1EC99627A4BC}
	EndGlobalSection
EndGlobal
